{
  "meteor": {},
  "dependencies": {
    "basePackages": {
      "c2o-core": {
        "git": "https://github.com/click2open/c2o-core.git",
        "branch": "master"
      },
      "c2o-module": {
        "git": "https://github.com/click2open/c2o-module.git",
        "branch": "master"
      },
      "c2o-tracker": {
        "git": "https://github.com/click2open/c2o-tracker.git",
        "branch": "master"
      },
      "c2o-content": {
        "git": "https://github.com/click2open/c2o-content.git",
        "branch": "master"
      },
      "c2o-tumblrfeed": {
        "git": "https://github.com/click2open/c2o-tumblrfeed.git",
        "branch": "master"
      }
    },
    "packages": {
      "c2o-core": {
        "git": "https://github.com/click2open/c2o-core.git",
        "branch": "master",
        "commit": "627f7f1f3a2ed92d83f4bde1db63052d50a96e45"
      },
      "c2o-module": {
        "git": "https://github.com/click2open/c2o-module.git",
        "branch": "master",
        "commit": "fcf660d0f43facedc452df2dc766bb4249a07eac"
      },
      "c2o-tracker": {
        "git": "https://github.com/click2open/c2o-tracker.git",
        "branch": "master",
        "commit": "4548f01b94f96c7d8c009f311e49896fe310e3ad"
      },
      "c2o-content": {
        "git": "https://github.com/click2open/c2o-content.git",
        "branch": "master",
        "commit": "591eeac893c1a805795e9e96477f9b6cec178c44"
      },
      "c2o-tumblrfeed": {
        "git": "https://github.com/click2open/c2o-tumblrfeed.git",
        "branch": "master",
        "commit": "3cc3df7cd36a3b7ebdbd1f82071b095cc25674bb"
      },
      "iron-router": {
        "git": "https://github.com/EventedMind/iron-router.git",
        "tag": "v0.6.1",
        "commit": "4e1ee0581d68bff422a915dacb0bd30eae10fe08"
      },
      "moment": {
        "git": "https://github.com/acreeger/meteor-moment.git",
        "tag": "v2.2.1",
        "commit": "9ee12e714afe56b189f53076447b7b54f3012065"
      }
    }
  }
}
