{
  "meteor": {},
  "dependencies": {
    "basePackages": {
      "c2o-core": {
        "git": "https://github.com/click2open/c2o-core.git",
        "branch": "master"
      },
      "c2o-module": {
        "git": "https://github.com/click2open/c2o-module.git",
        "branch": "master"
      },
      "c2o-tracker": {
        "git": "https://github.com/click2open/c2o-tracker.git",
        "branch": "master"
      },
      "c2o-content": {
        "git": "https://github.com/click2open/c2o-content.git",
        "branch": "master"
      },
      "c2o-tumblrfeed": {
        "git": "https://github.com/click2open/c2o-tumblrfeed.git",
        "branch": "master"
      }
    },
    "packages": {
      "c2o-core": {
        "git": "https://github.com/click2open/c2o-core.git",
        "branch": "master",
        "commit": "84b7156055c8ac3c008014cb4895452d3fb6f4b8"
      },
      "c2o-module": {
        "git": "https://github.com/click2open/c2o-module.git",
        "branch": "master",
        "commit": "1b95cc4cfa54f2ec44b4158cb194b13d8d3fc803"
      },
      "c2o-tracker": {
        "git": "https://github.com/click2open/c2o-tracker.git",
        "branch": "master",
        "commit": "4548f01b94f96c7d8c009f311e49896fe310e3ad"
      },
      "c2o-content": {
        "git": "https://github.com/click2open/c2o-content.git",
        "branch": "master",
        "commit": "591eeac893c1a805795e9e96477f9b6cec178c44"
      },
      "c2o-tumblrfeed": {
        "git": "https://github.com/click2open/c2o-tumblrfeed.git",
        "branch": "master",
        "commit": "18250d746789d63ac76f5ddc7397a4a3efe9cd67"
      },
      "iron-router": {
        "git": "https://github.com/EventedMind/iron-router.git",
        "tag": "v0.6.1",
        "commit": "4e1ee0581d68bff422a915dacb0bd30eae10fe08"
      },
      "moment": {
        "git": "https://github.com/acreeger/meteor-moment.git",
        "tag": "v2.2.1",
        "commit": "9ee12e714afe56b189f53076447b7b54f3012065"
      }
    }
  }
}
